
Microsoft Visual Studio Solution File, Format Version 12.00
# Visual Studio Version 17
VisualStudioVersion = 17.0.31903.59
MinimumVisualStudioVersion = 10.0.40219.1
Project("{FAE04EC0-301F-11D3-BF4B-00C04F79EFBC}") = "CommandLine.Harness", "src\CommandLine.Harness\CommandLine.Harness.csproj", "{B9F7E083-C424-95D2-0291-DF520085269D}"
EndProject
Project("{FAE04EC0-301F-11D3-BF4B-00C04F79EFBC}") = "CommandLine.Core", "src\CommandLine.Core\CommandLine.Core.csproj", "{B9254B9B-9C62-EF11-F747-108685B83D33}"
EndProject
Project("{FAE04EC0-301F-11D3-BF4B-00C04F79EFBC}") = "CommandLine.CLI", "src\CommandLine.CLI\CommandLine.CLI.csproj", "{BD5A5EE4-4C3C-41BF-1283-F312B7A3F60E}"
EndProject
Global
	GlobalSection(SolutionConfigurationPlatforms) = preSolution
		Debug|Any CPU = Debug|Any CPU
		Release|Any CPU = Release|Any CPU
	EndGlobalSection
	GlobalSection(ProjectConfigurationPlatforms) = postSolution
		{B9F7E083-C424-95D2-0291-DF520085269D}.Debug|Any CPU.ActiveCfg = Debug|Any CPU
		{B9F7E083-C424-95D2-0291-DF520085269D}.Debug|Any CPU.Build.0 = Debug|Any CPU
		{B9F7E083-C424-95D2-0291-DF520085269D}.Release|Any CPU.ActiveCfg = Release|Any CPU
		{B9F7E083-C424-95D2-0291-DF520085269D}.Release|Any CPU.Build.0 = Release|Any CPU
		{B9254B9B-9C62-EF11-F747-108685B83D33}.Debug|Any CPU.ActiveCfg = Debug|Any CPU
		{B9254B9B-9C62-EF11-F747-108685B83D33}.Debug|Any CPU.Build.0 = Debug|Any CPU
		{B9254B9B-9C62-EF11-F747-108685B83D33}.Release|Any CPU.ActiveCfg = Release|Any CPU
		{B9254B9B-9C62-EF11-F747-108685B83D33}.Release|Any CPU.Build.0 = Release|Any CPU
		{BD5A5EE4-4C3C-41BF-1283-F312B7A3F60E}.Debug|Any CPU.ActiveCfg = Debug|Any CPU
		{BD5A5EE4-4C3C-41BF-1283-F312B7A3F60E}.Debug|Any CPU.Build.0 = Debug|Any CPU
		{BD5A5EE4-4C3C-41BF-1283-F312B7A3F60E}.Release|Any CPU.ActiveCfg = Release|Any CPU
		{BD5A5EE4-4C3C-41BF-1283-F312B7A3F60E}.Release|Any CPU.Build.0 = Release|Any CPU
	EndGlobalSection
	GlobalSection(SolutionProperties) = preSolution
		HideSolutionNode = FALSE
	EndGlobalSection
	GlobalSection(ExtensibilityGlobals) = postSolution
		SolutionGuid = {0F6ABCB7-DD7E-42C9-8F76-1682A8C21B0C}
	EndGlobalSection
EndGlobal
